// !$*UTF8*$!
{
	archiveVersion = 1;
	classes = {
	};
	objectVersion = 50;
	objects = {

/* Begin PBXBuildFile section */
		BF2202BC25A5960D00B5F1D0 /* LYChatFontConfig.m in Sources */ = {isa = PBXBuildFile; fileRef = BF2202BB25A5960D00B5F1D0 /* LYChatFontConfig.m */; };
		BF22269E25A07B3D008AF9BC /* LYSessionTableConfig.m in Sources */ = {isa = PBXBuildFile; fileRef = BF22269B25A07B3D008AF9BC /* LYSessionTableConfig.m */; };
		BF22269F25A07B3D008AF9BC /* LYSessionViewController.m in Sources */ = {isa = PBXBuildFile; fileRef = BF22269C25A07B3D008AF9BC /* LYSessionViewController.m */; };
		BF2226A525A07BB1008AF9BC /* LYSessionManager.m in Sources */ = {isa = PBXBuildFile; fileRef = BF2226A425A07BB1008AF9BC /* LYSessionManager.m */; };
		BF2226AB25A08269008AF9BC /* LYSessionMessageModel.m in Sources */ = {isa = PBXBuildFile; fileRef = BF2226AA25A08269008AF9BC /* LYSessionMessageModel.m */; };
		BF2226B725A08A6B008AF9BC /* LYSessionCellLayout.m in Sources */ = {isa = PBXBuildFile; fileRef = BF2226B625A08A6B008AF9BC /* LYSessionCellLayout.m */; };
		BF2226BD25A08D73008AF9BC /* LYSessionCell.m in Sources */ = {isa = PBXBuildFile; fileRef = BF2226BC25A08D73008AF9BC /* LYSessionCell.m */; };
		BF2B114925A6BC9F00F81766 /* LYSessionRefreshControl.m in Sources */ = {isa = PBXBuildFile; fileRef = BF2B114825A6BC9F00F81766 /* LYSessionRefreshControl.m */; };
		BF2B119825A70E8000F81766 /* LYSessionDataSource.m in Sources */ = {isa = PBXBuildFile; fileRef = BF2B119725A70E8000F81766 /* LYSessionDataSource.m */; };
		BF318FDC25E33E7D007D8B5B /* TestSessionViewController.m in Sources */ = {isa = PBXBuildFile; fileRef = BF318FDB25E33E7D007D8B5B /* TestSessionViewController.m */; };
		BF3B3F2F25A313AF0034C5C8 /* LYSessionContentView.m in Sources */ = {isa = PBXBuildFile; fileRef = BF3B3F2E25A313AF0034C5C8 /* LYSessionContentView.m */; };
		BF441EAF25BA5D1300F141B8 /* LYTextLayout.m in Sources */ = {isa = PBXBuildFile; fileRef = BF441EAE25BA5D1300F141B8 /* LYTextLayout.m */; };
		BF45F41D259DA6C0000DB627 /* AppDelegate.m in Sources */ = {isa = PBXBuildFile; fileRef = BF45F41C259DA6C0000DB627 /* AppDelegate.m */; };
		BF45F423259DA6C0000DB627 /* ViewController.m in Sources */ = {isa = PBXBuildFile; fileRef = BF45F422259DA6C0000DB627 /* ViewController.m */; };
		BF45F426259DA6C0000DB627 /* Main.storyboard in Resources */ = {isa = PBXBuildFile; fileRef = BF45F424259DA6C0000DB627 /* Main.storyboard */; };
		BF45F428259DA6C4000DB627 /* Assets.xcassets in Resources */ = {isa = PBXBuildFile; fileRef = BF45F427259DA6C4000DB627 /* Assets.xcassets */; };
		BF45F42B259DA6C4000DB627 /* LaunchScreen.storyboard in Resources */ = {isa = PBXBuildFile; fileRef = BF45F429259DA6C4000DB627 /* LaunchScreen.storyboard */; };
		BF45F42E259DA6C4000DB627 /* main.m in Sources */ = {isa = PBXBuildFile; fileRef = BF45F42D259DA6C4000DB627 /* main.m */; };
		BF45F438259DA6C5000DB627 /* LYChatUITests.m in Sources */ = {isa = PBXBuildFile; fileRef = BF45F437259DA6C5000DB627 /* LYChatUITests.m */; };
		BF45F443259DA6C5000DB627 /* LYChatUIUITests.m in Sources */ = {isa = PBXBuildFile; fileRef = BF45F442259DA6C5000DB627 /* LYChatUIUITests.m */; };
		BF4842A825E0A86B004FE3C8 /* LYTextAttribute.m in Sources */ = {isa = PBXBuildFile; fileRef = BF4842A725E0A86B004FE3C8 /* LYTextAttribute.m */; };
		BF4ADF7C25BFAC2A006E4DE2 /* LYTextSelectionView.m in Sources */ = {isa = PBXBuildFile; fileRef = BF4ADF7B25BFAC2A006E4DE2 /* LYTextSelectionView.m */; };
		BF4D7F6125B80B9F008B8B44 /* TestViewController.m in Sources */ = {isa = PBXBuildFile; fileRef = BF4D7F6025B80B9F008B8B44 /* TestViewController.m */; };
		BF4D7F6725B82F33008B8B44 /* LYTextLine.m in Sources */ = {isa = PBXBuildFile; fileRef = BF4D7F6625B82F33008B8B44 /* LYTextLine.m */; };
		BF4E36BB25B6683B00B4ABE6 /* LYLabel.m in Sources */ = {isa = PBXBuildFile; fileRef = BF4E36BA25B6683B00B4ABE6 /* LYLabel.m */; };
		BF4E36C425B6707000B4ABE6 /* LYLabelLayer.m in Sources */ = {isa = PBXBuildFile; fileRef = BF4E36C325B6707000B4ABE6 /* LYLabelLayer.m */; };
		BF5391CD25C24AB8004511E6 /* LYTextMagnifier.m in Sources */ = {isa = PBXBuildFile; fileRef = BF5391CC25C24AB8004511E6 /* LYTextMagnifier.m */; };
		BF543F2E25BECA6400D4BC62 /* LYTextWeakProxy.m in Sources */ = {isa = PBXBuildFile; fileRef = BF543F2D25BECA6400D4BC62 /* LYTextWeakProxy.m */; };
		BF58515525AC021B008686C3 /* LYChatConst.m in Sources */ = {isa = PBXBuildFile; fileRef = BF58515425AC021B008686C3 /* LYChatConst.m */; };
		BF591DDA25E731FF0032E345 /* LYSessionTextCellLayout.m in Sources */ = {isa = PBXBuildFile; fileRef = BF591DD925E731FF0032E345 /* LYSessionTextCellLayout.m */; };
		BF591DE025E7360D0032E345 /* LYChatMessage.m in Sources */ = {isa = PBXBuildFile; fileRef = BF591DDF25E7360D0032E345 /* LYChatMessage.m */; };
		BF591DE925E740550032E345 /* LYSessionConfig.m in Sources */ = {isa = PBXBuildFile; fileRef = BF591DE825E740550032E345 /* LYSessionConfig.m */; };
		BF62AD9B25E65524009FA28F /* LYSessionTextContentView.m in Sources */ = {isa = PBXBuildFile; fileRef = BF62AD9A25E65524009FA28F /* LYSessionTextContentView.m */; };
		BF6341A725A4155A009D31A1 /* LYChatConfig.m in Sources */ = {isa = PBXBuildFile; fileRef = BF6341A625A4155A009D31A1 /* LYChatConfig.m */; };
		BF6341AD25A41608009D31A1 /* LYChatColorConfig.m in Sources */ = {isa = PBXBuildFile; fileRef = BF6341AC25A41608009D31A1 /* LYChatColorConfig.m */; };
		BFB493B925A7F5F400143E1C /* LYSession.m in Sources */ = {isa = PBXBuildFile; fileRef = BFB493B825A7F5F400143E1C /* LYSession.m */; };
		BFB493C225A8000F00143E1C /* LYChatUserModel.m in Sources */ = {isa = PBXBuildFile; fileRef = BFB493C125A8000F00143E1C /* LYChatUserModel.m */; };
		BFB493D225A8287100143E1C /* LYSessionTimestampMessage.m in Sources */ = {isa = PBXBuildFile; fileRef = BFB493D125A8287100143E1C /* LYSessionTimestampMessage.m */; };
		BFB493D825A8293B00143E1C /* LYSessionTimestampCellLayout.m in Sources */ = {isa = PBXBuildFile; fileRef = BFB493D725A8293B00143E1C /* LYSessionTimestampCellLayout.m */; };
		BFB493E225A8399B00143E1C /* LYSessionTimestampCell.m in Sources */ = {isa = PBXBuildFile; fileRef = BFB493E125A8399B00143E1C /* LYSessionTimestampCell.m */; };
/* End PBXBuildFile section */

/* Begin PBXContainerItemProxy section */
		BF45F434259DA6C5000DB627 /* PBXContainerItemProxy */ = {
			isa = PBXContainerItemProxy;
			containerPortal = BF45F410259DA6C0000DB627 /* Project object */;
			proxyType = 1;
			remoteGlobalIDString = BF45F417259DA6C0000DB627;
			remoteInfo = LYChatUI;
		};
		BF45F43F259DA6C5000DB627 /* PBXContainerItemProxy */ = {
			isa = PBXContainerItemProxy;
			containerPortal = BF45F410259DA6C0000DB627 /* Project object */;
			proxyType = 1;
			remoteGlobalIDString = BF45F417259DA6C0000DB627;
			remoteInfo = LYChatUI;
		};
/* End PBXContainerItemProxy section */

/* Begin PBXFileReference section */
		BF2202BA25A5960D00B5F1D0 /* LYChatFontConfig.h */ = {isa = PBXFileReference; lastKnownFileType = sourcecode.c.h; path = LYChatFontConfig.h; sourceTree = "<group>"; };
		BF2202BB25A5960D00B5F1D0 /* LYChatFontConfig.m */ = {isa = PBXFileReference; lastKnownFileType = sourcecode.c.objc; path = LYChatFontConfig.m; sourceTree = "<group>"; };
		BF22269A25A07B3D008AF9BC /* LYSessionViewController.h */ = {isa = PBXFileReference; fileEncoding = 4; lastKnownFileType = sourcecode.c.h; path = LYSessionViewController.h; sourceTree = "<group>"; };
		BF22269B25A07B3D008AF9BC /* LYSessionTableConfig.m */ = {isa = PBXFileReference; fileEncoding = 4; lastKnownFileType = sourcecode.c.objc; path = LYSessionTableConfig.m; sourceTree = "<group>"; };
		BF22269C25A07B3D008AF9BC /* LYSessionViewController.m */ = {isa = PBXFileReference; fileEncoding = 4; lastKnownFileType = sourcecode.c.objc; path = LYSessionViewController.m; sourceTree = "<group>"; };
		BF22269D25A07B3D008AF9BC /* LYSessionTableConfig.h */ = {isa = PBXFileReference; fileEncoding = 4; lastKnownFileType = sourcecode.c.h; path = LYSessionTableConfig.h; sourceTree = "<group>"; };
		BF2226A325A07BB1008AF9BC /* LYSessionManager.h */ = {isa = PBXFileReference; lastKnownFileType = sourcecode.c.h; path = LYSessionManager.h; sourceTree = "<group>"; };
		BF2226A425A07BB1008AF9BC /* LYSessionManager.m */ = {isa = PBXFileReference; lastKnownFileType = sourcecode.c.objc; path = LYSessionManager.m; sourceTree = "<group>"; };
		BF2226A925A08269008AF9BC /* LYSessionMessageModel.h */ = {isa = PBXFileReference; lastKnownFileType = sourcecode.c.h; path = LYSessionMessageModel.h; sourceTree = "<group>"; };
		BF2226AA25A08269008AF9BC /* LYSessionMessageModel.m */ = {isa = PBXFileReference; lastKnownFileType = sourcecode.c.objc; path = LYSessionMessageModel.m; sourceTree = "<group>"; };
		BF2226B525A08A6B008AF9BC /* LYSessionCellLayout.h */ = {isa = PBXFileReference; lastKnownFileType = sourcecode.c.h; path = LYSessionCellLayout.h; sourceTree = "<group>"; };
		BF2226B625A08A6B008AF9BC /* LYSessionCellLayout.m */ = {isa = PBXFileReference; lastKnownFileType = sourcecode.c.objc; path = LYSessionCellLayout.m; sourceTree = "<group>"; };
		BF2226BB25A08D73008AF9BC /* LYSessionCell.h */ = {isa = PBXFileReference; lastKnownFileType = sourcecode.c.h; path = LYSessionCell.h; sourceTree = "<group>"; };
		BF2226BC25A08D73008AF9BC /* LYSessionCell.m */ = {isa = PBXFileReference; lastKnownFileType = sourcecode.c.objc; path = LYSessionCell.m; sourceTree = "<group>"; };
		BF2B114725A6BC9F00F81766 /* LYSessionRefreshControl.h */ = {isa = PBXFileReference; lastKnownFileType = sourcecode.c.h; path = LYSessionRefreshControl.h; sourceTree = "<group>"; };
		BF2B114825A6BC9F00F81766 /* LYSessionRefreshControl.m */ = {isa = PBXFileReference; lastKnownFileType = sourcecode.c.objc; path = LYSessionRefreshControl.m; sourceTree = "<group>"; };
		BF2B119625A70E8000F81766 /* LYSessionDataSource.h */ = {isa = PBXFileReference; lastKnownFileType = sourcecode.c.h; path = LYSessionDataSource.h; sourceTree = "<group>"; };
		BF2B119725A70E8000F81766 /* LYSessionDataSource.m */ = {isa = PBXFileReference; lastKnownFileType = sourcecode.c.objc; path = LYSessionDataSource.m; sourceTree = "<group>"; };
		BF318FDA25E33E7D007D8B5B /* TestSessionViewController.h */ = {isa = PBXFileReference; lastKnownFileType = sourcecode.c.h; path = TestSessionViewController.h; sourceTree = "<group>"; };
		BF318FDB25E33E7D007D8B5B /* TestSessionViewController.m */ = {isa = PBXFileReference; lastKnownFileType = sourcecode.c.objc; path = TestSessionViewController.m; sourceTree = "<group>"; };
		BF3B3F2D25A313AF0034C5C8 /* LYSessionContentView.h */ = {isa = PBXFileReference; lastKnownFileType = sourcecode.c.h; path = LYSessionContentView.h; sourceTree = "<group>"; };
		BF3B3F2E25A313AF0034C5C8 /* LYSessionContentView.m */ = {isa = PBXFileReference; lastKnownFileType = sourcecode.c.objc; path = LYSessionContentView.m; sourceTree = "<group>"; };
		BF441EAD25BA5D1300F141B8 /* LYTextLayout.h */ = {isa = PBXFileReference; lastKnownFileType = sourcecode.c.h; path = LYTextLayout.h; sourceTree = "<group>"; };
		BF441EAE25BA5D1300F141B8 /* LYTextLayout.m */ = {isa = PBXFileReference; lastKnownFileType = sourcecode.c.objc; path = LYTextLayout.m; sourceTree = "<group>"; };
		BF45F418259DA6C0000DB627 /* LYChatUI.app */ = {isa = PBXFileReference; explicitFileType = wrapper.application; includeInIndex = 0; path = LYChatUI.app; sourceTree = BUILT_PRODUCTS_DIR; };
		BF45F41B259DA6C0000DB627 /* AppDelegate.h */ = {isa = PBXFileReference; lastKnownFileType = sourcecode.c.h; path = AppDelegate.h; sourceTree = "<group>"; };
		BF45F41C259DA6C0000DB627 /* AppDelegate.m */ = {isa = PBXFileReference; lastKnownFileType = sourcecode.c.objc; path = AppDelegate.m; sourceTree = "<group>"; };
		BF45F421259DA6C0000DB627 /* ViewController.h */ = {isa = PBXFileReference; lastKnownFileType = sourcecode.c.h; path = ViewController.h; sourceTree = "<group>"; };
		BF45F422259DA6C0000DB627 /* ViewController.m */ = {isa = PBXFileReference; lastKnownFileType = sourcecode.c.objc; path = ViewController.m; sourceTree = "<group>"; };
		BF45F425259DA6C0000DB627 /* Base */ = {isa = PBXFileReference; lastKnownFileType = file.storyboard; name = Base; path = Base.lproj/Main.storyboard; sourceTree = "<group>"; };
		BF45F427259DA6C4000DB627 /* Assets.xcassets */ = {isa = PBXFileReference; lastKnownFileType = folder.assetcatalog; path = Assets.xcassets; sourceTree = "<group>"; };
		BF45F42A259DA6C4000DB627 /* Base */ = {isa = PBXFileReference; lastKnownFileType = file.storyboard; name = Base; path = Base.lproj/LaunchScreen.storyboard; sourceTree = "<group>"; };
		BF45F42C259DA6C4000DB627 /* Info.plist */ = {isa = PBXFileReference; lastKnownFileType = text.plist.xml; path = Info.plist; sourceTree = "<group>"; };
		BF45F42D259DA6C4000DB627 /* main.m */ = {isa = PBXFileReference; lastKnownFileType = sourcecode.c.objc; path = main.m; sourceTree = "<group>"; };
		BF45F433259DA6C5000DB627 /* LYChatUITests.xctest */ = {isa = PBXFileReference; explicitFileType = wrapper.cfbundle; includeInIndex = 0; path = LYChatUITests.xctest; sourceTree = BUILT_PRODUCTS_DIR; };
		BF45F437259DA6C5000DB627 /* LYChatUITests.m */ = {isa = PBXFileReference; lastKnownFileType = sourcecode.c.objc; path = LYChatUITests.m; sourceTree = "<group>"; };
		BF45F439259DA6C5000DB627 /* Info.plist */ = {isa = PBXFileReference; lastKnownFileType = text.plist.xml; path = Info.plist; sourceTree = "<group>"; };
		BF45F43E259DA6C5000DB627 /* LYChatUIUITests.xctest */ = {isa = PBXFileReference; explicitFileType = wrapper.cfbundle; includeInIndex = 0; path = LYChatUIUITests.xctest; sourceTree = BUILT_PRODUCTS_DIR; };
		BF45F442259DA6C5000DB627 /* LYChatUIUITests.m */ = {isa = PBXFileReference; lastKnownFileType = sourcecode.c.objc; path = LYChatUIUITests.m; sourceTree = "<group>"; };
		BF45F444259DA6C5000DB627 /* Info.plist */ = {isa = PBXFileReference; lastKnownFileType = text.plist.xml; path = Info.plist; sourceTree = "<group>"; };
		BF4842A625E0A86B004FE3C8 /* LYTextAttribute.h */ = {isa = PBXFileReference; lastKnownFileType = sourcecode.c.h; path = LYTextAttribute.h; sourceTree = "<group>"; };
		BF4842A725E0A86B004FE3C8 /* LYTextAttribute.m */ = {isa = PBXFileReference; lastKnownFileType = sourcecode.c.objc; path = LYTextAttribute.m; sourceTree = "<group>"; };
		BF4ADF7A25BFAC2A006E4DE2 /* LYTextSelectionView.h */ = {isa = PBXFileReference; lastKnownFileType = sourcecode.c.h; path = LYTextSelectionView.h; sourceTree = "<group>"; };
		BF4ADF7B25BFAC2A006E4DE2 /* LYTextSelectionView.m */ = {isa = PBXFileReference; lastKnownFileType = sourcecode.c.objc; path = LYTextSelectionView.m; sourceTree = "<group>"; };
		BF4D7F5F25B80B9F008B8B44 /* TestViewController.h */ = {isa = PBXFileReference; lastKnownFileType = sourcecode.c.h; path = TestViewController.h; sourceTree = "<group>"; };
		BF4D7F6025B80B9F008B8B44 /* TestViewController.m */ = {isa = PBXFileReference; lastKnownFileType = sourcecode.c.objc; path = TestViewController.m; sourceTree = "<group>"; };
		BF4D7F6525B82F33008B8B44 /* LYTextLine.h */ = {isa = PBXFileReference; lastKnownFileType = sourcecode.c.h; path = LYTextLine.h; sourceTree = "<group>"; };
		BF4D7F6625B82F33008B8B44 /* LYTextLine.m */ = {isa = PBXFileReference; lastKnownFileType = sourcecode.c.objc; path = LYTextLine.m; sourceTree = "<group>"; };
		BF4E36B925B6683B00B4ABE6 /* LYLabel.h */ = {isa = PBXFileReference; lastKnownFileType = sourcecode.c.h; path = LYLabel.h; sourceTree = "<group>"; };
		BF4E36BA25B6683B00B4ABE6 /* LYLabel.m */ = {isa = PBXFileReference; lastKnownFileType = sourcecode.c.objc; path = LYLabel.m; sourceTree = "<group>"; };
		BF4E36C225B6707000B4ABE6 /* LYLabelLayer.h */ = {isa = PBXFileReference; lastKnownFileType = sourcecode.c.h; path = LYLabelLayer.h; sourceTree = "<group>"; };
		BF4E36C325B6707000B4ABE6 /* LYLabelLayer.m */ = {isa = PBXFileReference; lastKnownFileType = sourcecode.c.objc; path = LYLabelLayer.m; sourceTree = "<group>"; };
		BF5391CB25C24AB8004511E6 /* LYTextMagnifier.h */ = {isa = PBXFileReference; lastKnownFileType = sourcecode.c.h; path = LYTextMagnifier.h; sourceTree = "<group>"; };
		BF5391CC25C24AB8004511E6 /* LYTextMagnifier.m */ = {isa = PBXFileReference; lastKnownFileType = sourcecode.c.objc; path = LYTextMagnifier.m; sourceTree = "<group>"; };
		BF543F2C25BECA6400D4BC62 /* LYTextWeakProxy.h */ = {isa = PBXFileReference; lastKnownFileType = sourcecode.c.h; path = LYTextWeakProxy.h; sourceTree = "<group>"; };
		BF543F2D25BECA6400D4BC62 /* LYTextWeakProxy.m */ = {isa = PBXFileReference; lastKnownFileType = sourcecode.c.objc; path = LYTextWeakProxy.m; sourceTree = "<group>"; };
		BF58515325AC021B008686C3 /* LYChatConst.h */ = {isa = PBXFileReference; lastKnownFileType = sourcecode.c.h; path = LYChatConst.h; sourceTree = "<group>"; };
		BF58515425AC021B008686C3 /* LYChatConst.m */ = {isa = PBXFileReference; lastKnownFileType = sourcecode.c.objc; path = LYChatConst.m; sourceTree = "<group>"; };
		BF591DD825E731FF0032E345 /* LYSessionTextCellLayout.h */ = {isa = PBXFileReference; lastKnownFileType = sourcecode.c.h; path = LYSessionTextCellLayout.h; sourceTree = "<group>"; };
		BF591DD925E731FF0032E345 /* LYSessionTextCellLayout.m */ = {isa = PBXFileReference; lastKnownFileType = sourcecode.c.objc; path = LYSessionTextCellLayout.m; sourceTree = "<group>"; };
		BF591DDE25E7360D0032E345 /* LYChatMessage.h */ = {isa = PBXFileReference; lastKnownFileType = sourcecode.c.h; path = LYChatMessage.h; sourceTree = "<group>"; };
		BF591DDF25E7360D0032E345 /* LYChatMessage.m */ = {isa = PBXFileReference; lastKnownFileType = sourcecode.c.objc; path = LYChatMessage.m; sourceTree = "<group>"; };
		BF591DE725E740550032E345 /* LYSessionConfig.h */ = {isa = PBXFileReference; lastKnownFileType = sourcecode.c.h; path = LYSessionConfig.h; sourceTree = "<group>"; };
		BF591DE825E740550032E345 /* LYSessionConfig.m */ = {isa = PBXFileReference; lastKnownFileType = sourcecode.c.objc; path = LYSessionConfig.m; sourceTree = "<group>"; };
		BF62AD9925E65524009FA28F /* LYSessionTextContentView.h */ = {isa = PBXFileReference; lastKnownFileType = sourcecode.c.h; path = LYSessionTextContentView.h; sourceTree = "<group>"; };
		BF62AD9A25E65524009FA28F /* LYSessionTextContentView.m */ = {isa = PBXFileReference; lastKnownFileType = sourcecode.c.objc; path = LYSessionTextContentView.m; sourceTree = "<group>"; };
		BF6341A525A4155A009D31A1 /* LYChatConfig.h */ = {isa = PBXFileReference; lastKnownFileType = sourcecode.c.h; path = LYChatConfig.h; sourceTree = "<group>"; };
		BF6341A625A4155A009D31A1 /* LYChatConfig.m */ = {isa = PBXFileReference; lastKnownFileType = sourcecode.c.objc; path = LYChatConfig.m; sourceTree = "<group>"; };
		BF6341AB25A41608009D31A1 /* LYChatColorConfig.h */ = {isa = PBXFileReference; lastKnownFileType = sourcecode.c.h; path = LYChatColorConfig.h; sourceTree = "<group>"; };
		BF6341AC25A41608009D31A1 /* LYChatColorConfig.m */ = {isa = PBXFileReference; lastKnownFileType = sourcecode.c.objc; path = LYChatColorConfig.m; sourceTree = "<group>"; };
		BFB493B725A7F5F400143E1C /* LYSession.h */ = {isa = PBXFileReference; lastKnownFileType = sourcecode.c.h; path = LYSession.h; sourceTree = "<group>"; };
		BFB493B825A7F5F400143E1C /* LYSession.m */ = {isa = PBXFileReference; lastKnownFileType = sourcecode.c.objc; path = LYSession.m; sourceTree = "<group>"; };
		BFB493C025A8000F00143E1C /* LYChatUserModel.h */ = {isa = PBXFileReference; lastKnownFileType = sourcecode.c.h; path = LYChatUserModel.h; sourceTree = "<group>"; };
		BFB493C125A8000F00143E1C /* LYChatUserModel.m */ = {isa = PBXFileReference; lastKnownFileType = sourcecode.c.objc; path = LYChatUserModel.m; sourceTree = "<group>"; };
		BFB493D025A8287100143E1C /* LYSessionTimestampMessage.h */ = {isa = PBXFileReference; lastKnownFileType = sourcecode.c.h; path = LYSessionTimestampMessage.h; sourceTree = "<group>"; };
		BFB493D125A8287100143E1C /* LYSessionTimestampMessage.m */ = {isa = PBXFileReference; lastKnownFileType = sourcecode.c.objc; path = LYSessionTimestampMessage.m; sourceTree = "<group>"; };
		BFB493D625A8293B00143E1C /* LYSessionTimestampCellLayout.h */ = {isa = PBXFileReference; lastKnownFileType = sourcecode.c.h; path = LYSessionTimestampCellLayout.h; sourceTree = "<group>"; };
		BFB493D725A8293B00143E1C /* LYSessionTimestampCellLayout.m */ = {isa = PBXFileReference; lastKnownFileType = sourcecode.c.objc; path = LYSessionTimestampCellLayout.m; sourceTree = "<group>"; };
		BFB493E025A8399B00143E1C /* LYSessionTimestampCell.h */ = {isa = PBXFileReference; lastKnownFileType = sourcecode.c.h; path = LYSessionTimestampCell.h; sourceTree = "<group>"; };
		BFB493E125A8399B00143E1C /* LYSessionTimestampCell.m */ = {isa = PBXFileReference; lastKnownFileType = sourcecode.c.objc; path = LYSessionTimestampCell.m; sourceTree = "<group>"; };
/* End PBXFileReference section */

/* Begin PBXFrameworksBuildPhase section */
		BF45F415259DA6C0000DB627 /* Frameworks */ = {
			isa = PBXFrameworksBuildPhase;
			buildActionMask = 2147483647;
			files = (
			);
			runOnlyForDeploymentPostprocessing = 0;
		};
		BF45F430259DA6C5000DB627 /* Frameworks */ = {
			isa = PBXFrameworksBuildPhase;
			buildActionMask = 2147483647;
			files = (
			);
			runOnlyForDeploymentPostprocessing = 0;
		};
		BF45F43B259DA6C5000DB627 /* Frameworks */ = {
			isa = PBXFrameworksBuildPhase;
			buildActionMask = 2147483647;
			files = (
			);
			runOnlyForDeploymentPostprocessing = 0;
		};
/* End PBXFrameworksBuildPhase section */

/* Begin PBXGroup section */
		BF45F40F259DA6C0000DB627 = {
			isa = PBXGroup;
			children = (
				BF45F41A259DA6C0000DB627 /* LYChatUI */,
				BF45F436259DA6C5000DB627 /* LYChatUITests */,
				BF45F441259DA6C5000DB627 /* LYChatUIUITests */,
				BF45F419259DA6C0000DB627 /* Products */,
			);
			sourceTree = "<group>";
		};
		BF45F419259DA6C0000DB627 /* Products */ = {
			isa = PBXGroup;
			children = (
				BF45F418259DA6C0000DB627 /* LYChatUI.app */,
				BF45F433259DA6C5000DB627 /* LYChatUITests.xctest */,
				BF45F43E259DA6C5000DB627 /* LYChatUIUITests.xctest */,
			);
			name = Products;
			sourceTree = "<group>";
		};
		BF45F41A259DA6C0000DB627 /* LYChatUI */ = {
			isa = PBXGroup;
			children = (
				BF45F453259DA776000DB627 /* LYChatUI */,
				BF45F41B259DA6C0000DB627 /* AppDelegate.h */,
				BF45F41C259DA6C0000DB627 /* AppDelegate.m */,
				BF45F421259DA6C0000DB627 /* ViewController.h */,
				BF45F422259DA6C0000DB627 /* ViewController.m */,
				BF4D7F5F25B80B9F008B8B44 /* TestViewController.h */,
				BF4D7F6025B80B9F008B8B44 /* TestViewController.m */,
				BF318FDA25E33E7D007D8B5B /* TestSessionViewController.h */,
				BF318FDB25E33E7D007D8B5B /* TestSessionViewController.m */,
				BF45F424259DA6C0000DB627 /* Main.storyboard */,
				BF45F427259DA6C4000DB627 /* Assets.xcassets */,
				BF45F429259DA6C4000DB627 /* LaunchScreen.storyboard */,
				BF45F42C259DA6C4000DB627 /* Info.plist */,
				BF45F42D259DA6C4000DB627 /* main.m */,
			);
			path = LYChatUI;
			sourceTree = "<group>";
		};
		BF45F436259DA6C5000DB627 /* LYChatUITests */ = {
			isa = PBXGroup;
			children = (
				BF45F437259DA6C5000DB627 /* LYChatUITests.m */,
				BF45F439259DA6C5000DB627 /* Info.plist */,
			);
			path = LYChatUITests;
			sourceTree = "<group>";
		};
		BF45F441259DA6C5000DB627 /* LYChatUIUITests */ = {
			isa = PBXGroup;
			children = (
				BF45F442259DA6C5000DB627 /* LYChatUIUITests.m */,
				BF45F444259DA6C5000DB627 /* Info.plist */,
			);
			path = LYChatUIUITests;
			sourceTree = "<group>";
		};
		BF45F453259DA776000DB627 /* LYChatUI */ = {
			isa = PBXGroup;
			children = (
				BF4E36B825B6682700B4ABE6 /* LYLabel */,
				BF6341A425A41519009D31A1 /* Global */,
				BF45F45A259DB754000DB627 /* Chat */,
				BF45F457259DB754000DB627 /* Session */,
			);
			path = LYChatUI;
			sourceTree = "<group>";
		};
		BF45F457259DB754000DB627 /* Session */ = {
			isa = PBXGroup;
			children = (
				BF2226A325A07BB1008AF9BC /* LYSessionManager.h */,
				BF2226A425A07BB1008AF9BC /* LYSessionManager.m */,
				BF22269D25A07B3D008AF9BC /* LYSessionTableConfig.h */,
				BF22269B25A07B3D008AF9BC /* LYSessionTableConfig.m */,
				BF2B119625A70E8000F81766 /* LYSessionDataSource.h */,
				BF2B119725A70E8000F81766 /* LYSessionDataSource.m */,
				BFB493B725A7F5F400143E1C /* LYSession.h */,
				BFB493B825A7F5F400143E1C /* LYSession.m */,
				BF22269A25A07B3D008AF9BC /* LYSessionViewController.h */,
				BF22269C25A07B3D008AF9BC /* LYSessionViewController.m */,
				BF591DDE25E7360D0032E345 /* LYChatMessage.h */,
				BF591DDF25E7360D0032E345 /* LYChatMessage.m */,
				BF2226A925A08269008AF9BC /* LYSessionMessageModel.h */,
				BF2226AA25A08269008AF9BC /* LYSessionMessageModel.m */,
				BFB493D025A8287100143E1C /* LYSessionTimestampMessage.h */,
				BFB493D125A8287100143E1C /* LYSessionTimestampMessage.m */,
				BF2226B525A08A6B008AF9BC /* LYSessionCellLayout.h */,
				BF2226B625A08A6B008AF9BC /* LYSessionCellLayout.m */,
				BF591DD825E731FF0032E345 /* LYSessionTextCellLayout.h */,
				BF591DD925E731FF0032E345 /* LYSessionTextCellLayout.m */,
				BFB493D625A8293B00143E1C /* LYSessionTimestampCellLayout.h */,
				BFB493D725A8293B00143E1C /* LYSessionTimestampCellLayout.m */,
				BF2226BB25A08D73008AF9BC /* LYSessionCell.h */,
				BF2226BC25A08D73008AF9BC /* LYSessionCell.m */,
				BFB493E025A8399B00143E1C /* LYSessionTimestampCell.h */,
				BFB493E125A8399B00143E1C /* LYSessionTimestampCell.m */,
				BF3B3F2D25A313AF0034C5C8 /* LYSessionContentView.h */,
				BF3B3F2E25A313AF0034C5C8 /* LYSessionContentView.m */,
				BF62AD9925E65524009FA28F /* LYSessionTextContentView.h */,
				BF62AD9A25E65524009FA28F /* LYSessionTextContentView.m */,
				BF2B114725A6BC9F00F81766 /* LYSessionRefreshControl.h */,
				BF2B114825A6BC9F00F81766 /* LYSessionRefreshControl.m */,
				BFB493C025A8000F00143E1C /* LYChatUserModel.h */,
				BFB493C125A8000F00143E1C /* LYChatUserModel.m */,
				BF45F458259DB754000DB627 /* Cells */,
			);
			path = Session;
			sourceTree = "<group>";
		};
		BF45F458259DB754000DB627 /* Cells */ = {
			isa = PBXGroup;
			children = (
			);
			path = Cells;
			sourceTree = "<group>";
		};
		BF45F45A259DB754000DB627 /* Chat */ = {
			isa = PBXGroup;
			children = (
			);
			path = Chat;
			sourceTree = "<group>";
		};
		BF4E36B825B6682700B4ABE6 /* LYLabel */ = {
			isa = PBXGroup;
			children = (
				BF4E36B925B6683B00B4ABE6 /* LYLabel.h */,
				BF4E36BA25B6683B00B4ABE6 /* LYLabel.m */,
				BF4E36C225B6707000B4ABE6 /* LYLabelLayer.h */,
				BF4E36C325B6707000B4ABE6 /* LYLabelLayer.m */,
				BF4D7F6525B82F33008B8B44 /* LYTextLine.h */,
				BF4D7F6625B82F33008B8B44 /* LYTextLine.m */,
				BF441EAD25BA5D1300F141B8 /* LYTextLayout.h */,
				BF441EAE25BA5D1300F141B8 /* LYTextLayout.m */,
				BF543F2C25BECA6400D4BC62 /* LYTextWeakProxy.h */,
				BF543F2D25BECA6400D4BC62 /* LYTextWeakProxy.m */,
				BF4ADF7A25BFAC2A006E4DE2 /* LYTextSelectionView.h */,
				BF4ADF7B25BFAC2A006E4DE2 /* LYTextSelectionView.m */,
				BF5391CB25C24AB8004511E6 /* LYTextMagnifier.h */,
				BF5391CC25C24AB8004511E6 /* LYTextMagnifier.m */,
				BF4842A625E0A86B004FE3C8 /* LYTextAttribute.h */,
				BF4842A725E0A86B004FE3C8 /* LYTextAttribute.m */,
			);
			path = LYLabel;
			sourceTree = "<group>";
		};
		BF6341A425A41519009D31A1 /* Global */ = {
			isa = PBXGroup;
			children = (
				BF58515325AC021B008686C3 /* LYChatConst.h */,
				BF58515425AC021B008686C3 /* LYChatConst.m */,
				BF6341A525A4155A009D31A1 /* LYChatConfig.h */,
				BF6341A625A4155A009D31A1 /* LYChatConfig.m */,
				BF6341AB25A41608009D31A1 /* LYChatColorConfig.h */,
				BF6341AC25A41608009D31A1 /* LYChatColorConfig.m */,
				BF2202BA25A5960D00B5F1D0 /* LYChatFontConfig.h */,
				BF2202BB25A5960D00B5F1D0 /* LYChatFontConfig.m */,
				BF591DE725E740550032E345 /* LYSessionConfig.h */,
				BF591DE825E740550032E345 /* LYSessionConfig.m */,
			);
			path = Global;
			sourceTree = "<group>";
		};
/* End PBXGroup section */

/* Begin PBXNativeTarget section */
		BF45F417259DA6C0000DB627 /* LYChatUI */ = {
			isa = PBXNativeTarget;
			buildConfigurationList = BF45F447259DA6C5000DB627 /* Build configuration list for PBXNativeTarget "LYChatUI" */;
			buildPhases = (
				BF45F414259DA6C0000DB627 /* Sources */,
				BF45F415259DA6C0000DB627 /* Frameworks */,
				BF45F416259DA6C0000DB627 /* Resources */,
			);
			buildRules = (
			);
			dependencies = (
			);
			name = LYChatUI;
			productName = LYChatUI;
			productReference = BF45F418259DA6C0000DB627 /* LYChatUI.app */;
			productType = "com.apple.product-type.application";
		};
		BF45F432259DA6C5000DB627 /* LYChatUITests */ = {
			isa = PBXNativeTarget;
			buildConfigurationList = BF45F44A259DA6C5000DB627 /* Build configuration list for PBXNativeTarget "LYChatUITests" */;
			buildPhases = (
				BF45F42F259DA6C5000DB627 /* Sources */,
				BF45F430259DA6C5000DB627 /* Frameworks */,
				BF45F431259DA6C5000DB627 /* Resources */,
			);
			buildRules = (
			);
			dependencies = (
				BF45F435259DA6C5000DB627 /* PBXTargetDependency */,
			);
			name = LYChatUITests;
			productName = LYChatUITests;
			productReference = BF45F433259DA6C5000DB627 /* LYChatUITests.xctest */;
			productType = "com.apple.product-type.bundle.unit-test";
		};
		BF45F43D259DA6C5000DB627 /* LYChatUIUITests */ = {
			isa = PBXNativeTarget;
			buildConfigurationList = BF45F44D259DA6C5000DB627 /* Build configuration list for PBXNativeTarget "LYChatUIUITests" */;
			buildPhases = (
				BF45F43A259DA6C5000DB627 /* Sources */,
				BF45F43B259DA6C5000DB627 /* Frameworks */,
				BF45F43C259DA6C5000DB627 /* Resources */,
			);
			buildRules = (
			);
			dependencies = (
				BF45F440259DA6C5000DB627 /* PBXTargetDependency */,
			);
			name = LYChatUIUITests;
			productName = LYChatUIUITests;
			productReference = BF45F43E259DA6C5000DB627 /* LYChatUIUITests.xctest */;
			productType = "com.apple.product-type.bundle.ui-testing";
		};
/* End PBXNativeTarget section */

/* Begin PBXProject section */
		BF45F410259DA6C0000DB627 /* Project object */ = {
			isa = PBXProject;
			attributes = {
				LastUpgradeCheck = 1230;
				TargetAttributes = {
					BF45F417259DA6C0000DB627 = {
						CreatedOnToolsVersion = 12.3;
					};
					BF45F432259DA6C5000DB627 = {
						CreatedOnToolsVersion = 12.3;
						TestTargetID = BF45F417259DA6C0000DB627;
					};
					BF45F43D259DA6C5000DB627 = {
						CreatedOnToolsVersion = 12.3;
						TestTargetID = BF45F417259DA6C0000DB627;
					};
				};
			};
			buildConfigurationList = BF45F413259DA6C0000DB627 /* Build configuration list for PBXProject "LYChatUI" */;
			compatibilityVersion = "Xcode 9.3";
			developmentRegion = en;
			hasScannedForEncodings = 0;
			knownRegions = (
				en,
				Base,
			);
			mainGroup = BF45F40F259DA6C0000DB627;
			productRefGroup = BF45F419259DA6C0000DB627 /* Products */;
			projectDirPath = "";
			projectRoot = "";
			targets = (
				BF45F417259DA6C0000DB627 /* LYChatUI */,
				BF45F432259DA6C5000DB627 /* LYChatUITests */,
				BF45F43D259DA6C5000DB627 /* LYChatUIUITests */,
			);
		};
/* End PBXProject section */

/* Begin PBXResourcesBuildPhase section */
		BF45F416259DA6C0000DB627 /* Resources */ = {
			isa = PBXResourcesBuildPhase;
			buildActionMask = 2147483647;
			files = (
				BF45F42B259DA6C4000DB627 /* LaunchScreen.storyboard in Resources */,
				BF45F428259DA6C4000DB627 /* Assets.xcassets in Resources */,
				BF45F426259DA6C0000DB627 /* Main.storyboard in Resources */,
			);
			runOnlyForDeploymentPostprocessing = 0;
		};
		BF45F431259DA6C5000DB627 /* Resources */ = {
			isa = PBXResourcesBuildPhase;
			buildActionMask = 2147483647;
			files = (
			);
			runOnlyForDeploymentPostprocessing = 0;
		};
		BF45F43C259DA6C5000DB627 /* Resources */ = {
			isa = PBXResourcesBuildPhase;
			buildActionMask = 2147483647;
			files = (
			);
			runOnlyForDeploymentPostprocessing = 0;
		};
/* End PBXResourcesBuildPhase section */

/* Begin PBXSourcesBuildPhase section */
		BF45F414259DA6C0000DB627 /* Sources */ = {
			isa = PBXSourcesBuildPhase;
			buildActionMask = 2147483647;
			files = (
				BF4D7F6725B82F33008B8B44 /* LYTextLine.m in Sources */,
				BFB493D825A8293B00143E1C /* LYSessionTimestampCellLayout.m in Sources */,
				BF543F2E25BECA6400D4BC62 /* LYTextWeakProxy.m in Sources */,
				BF4ADF7C25BFAC2A006E4DE2 /* LYTextSelectionView.m in Sources */,
				BF591DE025E7360D0032E345 /* LYChatMessage.m in Sources */,
				BF22269E25A07B3D008AF9BC /* LYSessionTableConfig.m in Sources */,
				BF3B3F2F25A313AF0034C5C8 /* LYSessionContentView.m in Sources */,
				BF45F423259DA6C0000DB627 /* ViewController.m in Sources */,
				BF2226A525A07BB1008AF9BC /* LYSessionManager.m in Sources */,
				BF2B119825A70E8000F81766 /* LYSessionDataSource.m in Sources */,
				BF4D7F6125B80B9F008B8B44 /* TestViewController.m in Sources */,
				BF22269F25A07B3D008AF9BC /* LYSessionViewController.m in Sources */,
				BF45F41D259DA6C0000DB627 /* AppDelegate.m in Sources */,
				BF2226AB25A08269008AF9BC /* LYSessionMessageModel.m in Sources */,
				BF6341A725A4155A009D31A1 /* LYChatConfig.m in Sources */,
				BF58515525AC021B008686C3 /* LYChatConst.m in Sources */,
				BF441EAF25BA5D1300F141B8 /* LYTextLayout.m in Sources */,
				BFB493D225A8287100143E1C /* LYSessionTimestampMessage.m in Sources */,
				BF4E36C425B6707000B4ABE6 /* LYLabelLayer.m in Sources */,
				BF4842A825E0A86B004FE3C8 /* LYTextAttribute.m in Sources */,
				BFB493E225A8399B00143E1C /* LYSessionTimestampCell.m in Sources */,
				BFB493C225A8000F00143E1C /* LYChatUserModel.m in Sources */,
				BF45F42E259DA6C4000DB627 /* main.m in Sources */,
				BF6341AD25A41608009D31A1 /* LYChatColorConfig.m in Sources */,
				BF2202BC25A5960D00B5F1D0 /* LYChatFontConfig.m in Sources */,
				BF2226BD25A08D73008AF9BC /* LYSessionCell.m in Sources */,
				BF62AD9B25E65524009FA28F /* LYSessionTextContentView.m in Sources */,
				BF2226B725A08A6B008AF9BC /* LYSessionCellLayout.m in Sources */,
				BF4E36BB25B6683B00B4ABE6 /* LYLabel.m in Sources */,
				BF591DE925E740550032E345 /* LYSessionConfig.m in Sources */,
				BF318FDC25E33E7D007D8B5B /* TestSessionViewController.m in Sources */,
				BF2B114925A6BC9F00F81766 /* LYSessionRefreshControl.m in Sources */,
				BF5391CD25C24AB8004511E6 /* LYTextMagnifier.m in Sources */,
				BF591DDA25E731FF0032E345 /* LYSessionTextCellLayout.m in Sources */,
				BFB493B925A7F5F400143E1C /* LYSession.m in Sources */,
			);
			runOnlyForDeploymentPostprocessing = 0;
		};
		BF45F42F259DA6C5000DB627 /* Sources */ = {
			isa = PBXSourcesBuildPhase;
			buildActionMask = 2147483647;
			files = (
				BF45F438259DA6C5000DB627 /* LYChatUITests.m in Sources */,
			);
			runOnlyForDeploymentPostprocessing = 0;
		};
		BF45F43A259DA6C5000DB627 /* Sources */ = {
			isa = PBXSourcesBuildPhase;
			buildActionMask = 2147483647;
			files = (
				BF45F443259DA6C5000DB627 /* LYChatUIUITests.m in Sources */,
			);
			runOnlyForDeploymentPostprocessing = 0;
		};
/* End PBXSourcesBuildPhase section */

/* Begin PBXTargetDependency section */
		BF45F435259DA6C5000DB627 /* PBXTargetDependency */ = {
			isa = PBXTargetDependency;
			target = BF45F417259DA6C0000DB627 /* LYChatUI */;
			targetProxy = BF45F434259DA6C5000DB627 /* PBXContainerItemProxy */;
		};
		BF45F440259DA6C5000DB627 /* PBXTargetDependency */ = {
			isa = PBXTargetDependency;
			target = BF45F417259DA6C0000DB627 /* LYChatUI */;
			targetProxy = BF45F43F259DA6C5000DB627 /* PBXContainerItemProxy */;
		};
/* End PBXTargetDependency section */

/* Begin PBXVariantGroup section */
		BF45F424259DA6C0000DB627 /* Main.storyboard */ = {
			isa = PBXVariantGroup;
			children = (
				BF45F425259DA6C0000DB627 /* Base */,
			);
			name = Main.storyboard;
			sourceTree = "<group>";
		};
		BF45F429259DA6C4000DB627 /* LaunchScreen.storyboard */ = {
			isa = PBXVariantGroup;
			children = (
				BF45F42A259DA6C4000DB627 /* Base */,
			);
			name = LaunchScreen.storyboard;
			sourceTree = "<group>";
		};
/* End PBXVariantGroup section */

/* Begin XCBuildConfiguration section */
		BF45F445259DA6C5000DB627 /* Debug */ = {
			isa = XCBuildConfiguration;
			buildSettings = {
				ALWAYS_SEARCH_USER_PATHS = NO;
				CLANG_ANALYZER_NONNULL = YES;
				CLANG_ANALYZER_NUMBER_OBJECT_CONVERSION = YES_AGGRESSIVE;
				CLANG_CXX_LANGUAGE_STANDARD = "gnu++14";
				CLANG_CXX_LIBRARY = "libc++";
				CLANG_ENABLE_MODULES = YES;
				CLANG_ENABLE_OBJC_ARC = YES;
				CLANG_ENABLE_OBJC_WEAK = YES;
				CLANG_WARN_BLOCK_CAPTURE_AUTORELEASING = YES;
				CLANG_WARN_BOOL_CONVERSION = YES;
				CLANG_WARN_COMMA = YES;
				CLANG_WARN_CONSTANT_CONVERSION = YES;
				CLANG_WARN_DEPRECATED_OBJC_IMPLEMENTATIONS = YES;
				CLANG_WARN_DIRECT_OBJC_ISA_USAGE = YES_ERROR;
				CLANG_WARN_DOCUMENTATION_COMMENTS = YES;
				CLANG_WARN_EMPTY_BODY = YES;
				CLANG_WARN_ENUM_CONVERSION = YES;
				CLANG_WARN_INFINITE_RECURSION = YES;
				CLANG_WARN_INT_CONVERSION = YES;
				CLANG_WARN_NON_LITERAL_NULL_CONVERSION = YES;
				CLANG_WARN_OBJC_IMPLICIT_RETAIN_SELF = YES;
				CLANG_WARN_OBJC_LITERAL_CONVERSION = YES;
				CLANG_WARN_OBJC_ROOT_CLASS = YES_ERROR;
				CLANG_WARN_QUOTED_INCLUDE_IN_FRAMEWORK_HEADER = YES;
				CLANG_WARN_RANGE_LOOP_ANALYSIS = YES;
				CLANG_WARN_STRICT_PROTOTYPES = YES;
				CLANG_WARN_SUSPICIOUS_MOVE = YES;
				CLANG_WARN_UNGUARDED_AVAILABILITY = YES_AGGRESSIVE;
				CLANG_WARN_UNREACHABLE_CODE = YES;
				CLANG_WARN__DUPLICATE_METHOD_MATCH = YES;
				COPY_PHASE_STRIP = NO;
				DEBUG_INFORMATION_FORMAT = dwarf;
				ENABLE_STRICT_OBJC_MSGSEND = YES;
				ENABLE_TESTABILITY = YES;
				GCC_C_LANGUAGE_STANDARD = gnu11;
				GCC_DYNAMIC_NO_PIC = NO;
				GCC_NO_COMMON_BLOCKS = YES;
				GCC_OPTIMIZATION_LEVEL = 0;
				GCC_PREPROCESSOR_DEFINITIONS = (
					"DEBUG=1",
					"$(inherited)",
				);
				GCC_WARN_64_TO_32_BIT_CONVERSION = YES;
				GCC_WARN_ABOUT_RETURN_TYPE = YES_ERROR;
				GCC_WARN_UNDECLARED_SELECTOR = YES;
				GCC_WARN_UNINITIALIZED_AUTOS = YES_AGGRESSIVE;
				GCC_WARN_UNUSED_FUNCTION = YES;
				GCC_WARN_UNUSED_VARIABLE = YES;
				IPHONEOS_DEPLOYMENT_TARGET = 9.0;
				MTL_ENABLE_DEBUG_INFO = INCLUDE_SOURCE;
				MTL_FAST_MATH = YES;
				ONLY_ACTIVE_ARCH = YES;
				SDKROOT = iphoneos;
			};
			name = Debug;
		};
		BF45F446259DA6C5000DB627 /* Release */ = {
			isa = XCBuildConfiguration;
			buildSettings = {
				ALWAYS_SEARCH_USER_PATHS = NO;
				CLANG_ANALYZER_NONNULL = YES;
				CLANG_ANALYZER_NUMBER_OBJECT_CONVERSION = YES_AGGRESSIVE;
				CLANG_CXX_LANGUAGE_STANDARD = "gnu++14";
				CLANG_CXX_LIBRARY = "libc++";
				CLANG_ENABLE_MODULES = YES;
				CLANG_ENABLE_OBJC_ARC = YES;
				CLANG_ENABLE_OBJC_WEAK = YES;
				CLANG_WARN_BLOCK_CAPTURE_AUTORELEASING = YES;
				CLANG_WARN_BOOL_CONVERSION = YES;
				CLANG_WARN_COMMA = YES;
				CLANG_WARN_CONSTANT_CONVERSION = YES;
				CLANG_WARN_DEPRECATED_OBJC_IMPLEMENTATIONS = YES;
				CLANG_WARN_DIRECT_OBJC_ISA_USAGE = YES_ERROR;
				CLANG_WARN_DOCUMENTATION_COMMENTS = YES;
				CLANG_WARN_EMPTY_BODY = YES;
				CLANG_WARN_ENUM_CONVERSION = YES;
				CLANG_WARN_INFINITE_RECURSION = YES;
				CLANG_WARN_INT_CONVERSION = YES;
				CLANG_WARN_NON_LITERAL_NULL_CONVERSION = YES;
				CLANG_WARN_OBJC_IMPLICIT_RETAIN_SELF = YES;
				CLANG_WARN_OBJC_LITERAL_CONVERSION = YES;
				CLANG_WARN_OBJC_ROOT_CLASS = YES_ERROR;
				CLANG_WARN_QUOTED_INCLUDE_IN_FRAMEWORK_HEADER = YES;
				CLANG_WARN_RANGE_LOOP_ANALYSIS = YES;
				CLANG_WARN_STRICT_PROTOTYPES = YES;
				CLANG_WARN_SUSPICIOUS_MOVE = YES;
				CLANG_WARN_UNGUARDED_AVAILABILITY = YES_AGGRESSIVE;
				CLANG_WARN_UNREACHABLE_CODE = YES;
				CLANG_WARN__DUPLICATE_METHOD_MATCH = YES;
				COPY_PHASE_STRIP = NO;
				DEBUG_INFORMATION_FORMAT = "dwarf-with-dsym";
				ENABLE_NS_ASSERTIONS = NO;
				ENABLE_STRICT_OBJC_MSGSEND = YES;
				GCC_C_LANGUAGE_STANDARD = gnu11;
				GCC_NO_COMMON_BLOCKS = YES;
				GCC_WARN_64_TO_32_BIT_CONVERSION = YES;
				GCC_WARN_ABOUT_RETURN_TYPE = YES_ERROR;
				GCC_WARN_UNDECLARED_SELECTOR = YES;
				GCC_WARN_UNINITIALIZED_AUTOS = YES_AGGRESSIVE;
				GCC_WARN_UNUSED_FUNCTION = YES;
				GCC_WARN_UNUSED_VARIABLE = YES;
				IPHONEOS_DEPLOYMENT_TARGET = 9.0;
				MTL_ENABLE_DEBUG_INFO = NO;
				MTL_FAST_MATH = YES;
				SDKROOT = iphoneos;
				VALIDATE_PRODUCT = YES;
			};
			name = Release;
		};
		BF45F448259DA6C5000DB627 /* Debug */ = {
			isa = XCBuildConfiguration;
			buildSettings = {
				ASSETCATALOG_COMPILER_APPICON_NAME = AppIcon;
				ASSETCATALOG_COMPILER_GLOBAL_ACCENT_COLOR_NAME = AccentColor;
				CODE_SIGN_STYLE = Automatic;
				DEVELOPMENT_TEAM = 2K26LU5HS2;
				GCC_C_LANGUAGE_STANDARD = gnu11;
				INFOPLIST_FILE = LYChatUI/Info.plist;
				LD_RUNPATH_SEARCH_PATHS = (
					"$(inherited)",
					"@executable_path/Frameworks",
				);
				PRODUCT_BUNDLE_IDENTIFIER = com.ly.LYChatUI;
				PRODUCT_NAME = "$(TARGET_NAME)";
				TARGETED_DEVICE_FAMILY = "1,2";
			};
			name = Debug;
		};
		BF45F449259DA6C5000DB627 /* Release */ = {
			isa = XCBuildConfiguration;
			buildSettings = {
				ASSETCATALOG_COMPILER_APPICON_NAME = AppIcon;
				ASSETCATALOG_COMPILER_GLOBAL_ACCENT_COLOR_NAME = AccentColor;
				CODE_SIGN_STYLE = Automatic;
				DEVELOPMENT_TEAM = 2K26LU5HS2;
				GCC_C_LANGUAGE_STANDARD = gnu11;
				INFOPLIST_FILE = LYChatUI/Info.plist;
				LD_RUNPATH_SEARCH_PATHS = (
					"$(inherited)",
					"@executable_path/Frameworks",
				);
				PRODUCT_BUNDLE_IDENTIFIER = com.ly.LYChatUI;
				PRODUCT_NAME = "$(TARGET_NAME)";
				TARGETED_DEVICE_FAMILY = "1,2";
			};
			name = Release;
		};
		BF45F44B259DA6C5000DB627 /* Debug */ = {
			isa = XCBuildConfiguration;
			buildSettings = {
				BUNDLE_LOADER = "$(TEST_HOST)";
				CODE_SIGN_STYLE = Automatic;
				INFOPLIST_FILE = LYChatUITests/Info.plist;
				IPHONEOS_DEPLOYMENT_TARGET = 14.3;
				LD_RUNPATH_SEARCH_PATHS = (
					"$(inherited)",
					"@executable_path/Frameworks",
					"@loader_path/Frameworks",
				);
				PRODUCT_BUNDLE_IDENTIFIER = com.ly.LYChatUITests;
				PRODUCT_NAME = "$(TARGET_NAME)";
				TARGETED_DEVICE_FAMILY = "1,2";
				TEST_HOST = "$(BUILT_PRODUCTS_DIR)/LYChatUI.app/LYChatUI";
			};
			name = Debug;
		};
		BF45F44C259DA6C5000DB627 /* Release */ = {
			isa = XCBuildConfiguration;
			buildSettings = {
				BUNDLE_LOADER = "$(TEST_HOST)";
				CODE_SIGN_STYLE = Automatic;
				INFOPLIST_FILE = LYChatUITests/Info.plist;
				IPHONEOS_DEPLOYMENT_TARGET = 14.3;
				LD_RUNPATH_SEARCH_PATHS = (
					"$(inherited)",
					"@executable_path/Frameworks",
					"@loader_path/Frameworks",
				);
				PRODUCT_BUNDLE_IDENTIFIER = com.ly.LYChatUITests;
				PRODUCT_NAME = "$(TARGET_NAME)";
				TARGETED_DEVICE_FAMILY = "1,2";
				TEST_HOST = "$(BUILT_PRODUCTS_DIR)/LYChatUI.app/LYChatUI";
			};
			name = Release;
		};
		BF45F44E259DA6C5000DB627 /* Debug */ = {
			isa = XCBuildConfiguration;
			buildSettings = {
				CODE_SIGN_STYLE = Automatic;
				INFOPLIST_FILE = LYChatUIUITests/Info.plist;
				LD_RUNPATH_SEARCH_PATHS = (
					"$(inherited)",
					"@executable_path/Frameworks",
					"@loader_path/Frameworks",
				);
				PRODUCT_BUNDLE_IDENTIFIER = com.ly.LYChatUIUITests;
				PRODUCT_NAME = "$(TARGET_NAME)";
				TARGETED_DEVICE_FAMILY = "1,2";
				TEST_TARGET_NAME = LYChatUI;
			};
			name = Debug;
		};
		BF45F44F259DA6C5000DB627 /* Release */ = {
			isa = XCBuildConfiguration;
			buildSettings = {
				CODE_SIGN_STYLE = Automatic;
				INFOPLIST_FILE = LYChatUIUITests/Info.plist;
				LD_RUNPATH_SEARCH_PATHS = (
					"$(inherited)",
					"@executable_path/Frameworks",
					"@loader_path/Frameworks",
				);
				PRODUCT_BUNDLE_IDENTIFIER = com.ly.LYChatUIUITests;
				PRODUCT_NAME = "$(TARGET_NAME)";
				TARGETED_DEVICE_FAMILY = "1,2";
				TEST_TARGET_NAME = LYChatUI;
			};
			name = Release;
		};
/* End XCBuildConfiguration section */

/* Begin XCConfigurationList section */
		BF45F413259DA6C0000DB627 /* Build configuration list for PBXProject "LYChatUI" */ = {
			isa = XCConfigurationList;
			buildConfigurations = (
				BF45F445259DA6C5000DB627 /* Debug */,
				BF45F446259DA6C5000DB627 /* Release */,
			);
			defaultConfigurationIsVisible = 0;
			defaultConfigurationName = Release;
		};
		BF45F447259DA6C5000DB627 /* Build configuration list for PBXNativeTarget "LYChatUI" */ = {
			isa = XCConfigurationList;
			buildConfigurations = (
				BF45F448259DA6C5000DB627 /* Debug */,
				BF45F449259DA6C5000DB627 /* Release */,
			);
			defaultConfigurationIsVisible = 0;
			defaultConfigurationName = Release;
		};
		BF45F44A259DA6C5000DB627 /* Build configuration list for PBXNativeTarget "LYChatUITests" */ = {
			isa = XCConfigurationList;
			buildConfigurations = (
				BF45F44B259DA6C5000DB627 /* Debug */,
				BF45F44C259DA6C5000DB627 /* Release */,
			);
			defaultConfigurationIsVisible = 0;
			defaultConfigurationName = Release;
		};
		BF45F44D259DA6C5000DB627 /* Build configuration list for PBXNativeTarget "LYChatUIUITests" */ = {
			isa = XCConfigurationList;
			buildConfigurations = (
				BF45F44E259DA6C5000DB627 /* Debug */,
				BF45F44F259DA6C5000DB627 /* Release */,
			);
			defaultConfigurationIsVisible = 0;
			defaultConfigurationName = Release;
		};
/* End XCConfigurationList section */
	};
	rootObject = BF45F410259DA6C0000DB627 /* Project object */;
}
